
Microsoft Visual Studio Solution File, Format Version 12.00
# Visual Studio Version 16
VisualStudioVersion = 16.0.30611.23
MinimumVisualStudioVersion = 10.0.40219.1
Project("{FAE04EC0-301F-11D3-BF4B-00C04F79EFBC}") = "ProductLib", "ProductLib.csproj", "{99A9D4ED-3E4A-4100-B94F-1629E74C1D9D}"
EndProject
Global
	GlobalSection(SolutionConfigurationPlatforms) = preSolution
		Debug|Any CPU = Debug|Any CPU
		Release|Any CPU = Release|Any CPU
	EndGlobalSection
	GlobalSection(ProjectConfigurationPlatforms) = postSolution
		{99A9D4ED-3E4A-4100-B94F-1629E74C1D9D}.Debug|Any CPU.ActiveCfg = Debug|Any CPU
		{99A9D4ED-3E4A-4100-B94F-1629E74C1D9D}.Debug|Any CPU.Build.0 = Debug|Any CPU
		{99A9D4ED-3E4A-4100-B94F-1629E74C1D9D}.Release|Any CPU.ActiveCfg = Release|Any CPU
		{99A9D4ED-3E4A-4100-B94F-1629E74C1D9D}.Release|Any CPU.Build.0 = Release|Any CPU
	EndGlobalSection
	GlobalSection(SolutionProperties) = preSolution
		HideSolutionNode = FALSE
	EndGlobalSection
	GlobalSection(ExtensibilityGlobals) = postSolution
		SolutionGuid = {3B5E2E7B-6549-4C92-9623-A626FDDF27EF}
	EndGlobalSection
EndGlobal
